// !$*UTF8*$!
{
	archiveVersion = 1;
	classes = {
	};
	objectVersion = 56;
	objects = {

/* Begin PBXBuildFile section */
		A4978A532A067AAC00511F7E /* TLButton.swift in Sources */ = {isa = PBXBuildFile; fileRef = A4978A522A067AAC00511F7E /* TLButton.swift */; };
		A4AAA3E02A000EC000A83E68 /* GoogleService-Info.plist in Resources */ = {isa = PBXBuildFile; fileRef = A4AAA3DF2A000EC000A83E68 /* GoogleService-Info.plist */; };
		A4AAA3E22A00105100A83E68 /* ToDoListItemView.swift in Sources */ = {isa = PBXBuildFile; fileRef = A4AAA3E12A00105100A83E68 /* ToDoListItemView.swift */; };
		A4AAA3E42A0010A800A83E68 /* User.swift in Sources */ = {isa = PBXBuildFile; fileRef = A4AAA3E32A0010A800A83E68 /* User.swift */; };
		A4AAA3E82A00110300A83E68 /* MainViewViewModel.swift in Sources */ = {isa = PBXBuildFile; fileRef = A4AAA3E72A00110300A83E68 /* MainViewViewModel.swift */; };
		A4AAA3EA2A00110F00A83E68 /* ProfileViewViewModel.swift in Sources */ = {isa = PBXBuildFile; fileRef = A4AAA3E92A00110F00A83E68 /* ProfileViewViewModel.swift */; };
		A4AAA3EC2A00111A00A83E68 /* ToDoListViewViewModel.swift in Sources */ = {isa = PBXBuildFile; fileRef = A4AAA3EB2A00111A00A83E68 /* ToDoListViewViewModel.swift */; };
		A4AAA3EE2A00112700A83E68 /* NewItemViewViewModel.swift in Sources */ = {isa = PBXBuildFile; fileRef = A4AAA3ED2A00112700A83E68 /* NewItemViewViewModel.swift */; };
		A4AAA3F22A00114500A83E68 /* RegisterViewViewModel.swift in Sources */ = {isa = PBXBuildFile; fileRef = A4AAA3F12A00114500A83E68 /* RegisterViewViewModel.swift */; };
		A4AAA3F42A00115900A83E68 /* ToDoListItemViewViewModel.swift in Sources */ = {isa = PBXBuildFile; fileRef = A4AAA3F32A00115900A83E68 /* ToDoListItemViewViewModel.swift */; };
		A4AAA3F62A0011A800A83E68 /* ToDoListItem.swift in Sources */ = {isa = PBXBuildFile; fileRef = A4AAA3F52A0011A800A83E68 /* ToDoListItem.swift */; };
		A4AAA3F82A00127700A83E68 /* LoginViewViewModel.swift in Sources */ = {isa = PBXBuildFile; fileRef = A4AAA3F72A00127700A83E68 /* LoginViewViewModel.swift */; };
		A4BCCC2E2A0000B700AAF868 /* ToDoListApp.swift in Sources */ = {isa = PBXBuildFile; fileRef = A4BCCC2D2A0000B700AAF868 /* ToDoListApp.swift */; };
		A4BCCC302A0000B700AAF868 /* MainView.swift in Sources */ = {isa = PBXBuildFile; fileRef = A4BCCC2F2A0000B700AAF868 /* MainView.swift */; };
		A4BCCC322A0000B800AAF868 /* Assets.xcassets in Resources */ = {isa = PBXBuildFile; fileRef = A4BCCC312A0000B800AAF868 /* Assets.xcassets */; };
		A4BCCC352A0000B800AAF868 /* Preview Assets.xcassets in Resources */ = {isa = PBXBuildFile; fileRef = A4BCCC342A0000B800AAF868 /* Preview Assets.xcassets */; };
		A4BCCC3D2A0002DA00AAF868 /* FirebaseAuth in Frameworks */ = {isa = PBXBuildFile; productRef = A4BCCC3C2A0002DA00AAF868 /* FirebaseAuth */; };
		A4BCCC3F2A0002DA00AAF868 /* FirebaseFirestore in Frameworks */ = {isa = PBXBuildFile; productRef = A4BCCC3E2A0002DA00AAF868 /* FirebaseFirestore */; };
		A4BCCC412A0002DA00AAF868 /* FirebaseFirestoreSwift in Frameworks */ = {isa = PBXBuildFile; productRef = A4BCCC402A0002DA00AAF868 /* FirebaseFirestoreSwift */; };
		A4BCCC492A000B1000AAF868 /* ProfileView.swift in Sources */ = {isa = PBXBuildFile; fileRef = A4BCCC482A000B1000AAF868 /* ProfileView.swift */; };
		A4BCCC4B2A000B4300AAF868 /* ToDoListView.swift in Sources */ = {isa = PBXBuildFile; fileRef = A4BCCC4A2A000B4300AAF868 /* ToDoListView.swift */; };
		A4BCCC4D2A000B5B00AAF868 /* NewItemView.swift in Sources */ = {isa = PBXBuildFile; fileRef = A4BCCC4C2A000B5B00AAF868 /* NewItemView.swift */; };
		A4BCCC4F2A000B7600AAF868 /* LoginView.swift in Sources */ = {isa = PBXBuildFile; fileRef = A4BCCC4E2A000B7600AAF868 /* LoginView.swift */; };
		A4BCCC512A000B8200AAF868 /* RegisterView.swift in Sources */ = {isa = PBXBuildFile; fileRef = A4BCCC502A000B8200AAF868 /* RegisterView.swift */; };
		A4E8D71C2A016EC700075656 /* HeaderView.swift in Sources */ = {isa = PBXBuildFile; fileRef = A4E8D71B2A016EC700075656 /* HeaderView.swift */; };
/* End PBXBuildFile section */

/* Begin PBXFileReference section */
		A4978A522A067AAC00511F7E /* TLButton.swift */ = {isa = PBXFileReference; lastKnownFileType = sourcecode.swift; path = TLButton.swift; sourceTree = "<group>"; };
		A4AAA3DF2A000EC000A83E68 /* GoogleService-Info.plist */ = {isa = PBXFileReference; fileEncoding = 4; lastKnownFileType = text.plist.xml; path = "GoogleService-Info.plist"; sourceTree = "<group>"; };
		A4AAA3E12A00105100A83E68 /* ToDoListItemView.swift */ = {isa = PBXFileReference; lastKnownFileType = sourcecode.swift; path = ToDoListItemView.swift; sourceTree = "<group>"; };
		A4AAA3E32A0010A800A83E68 /* User.swift */ = {isa = PBXFileReference; lastKnownFileType = sourcecode.swift; path = User.swift; sourceTree = "<group>"; };
		A4AAA3E72A00110300A83E68 /* MainViewViewModel.swift */ = {isa = PBXFileReference; lastKnownFileType = sourcecode.swift; path = MainViewViewModel.swift; sourceTree = "<group>"; };
		A4AAA3E92A00110F00A83E68 /* ProfileViewViewModel.swift */ = {isa = PBXFileReference; lastKnownFileType = sourcecode.swift; path = ProfileViewViewModel.swift; sourceTree = "<group>"; };
		A4AAA3EB2A00111A00A83E68 /* ToDoListViewViewModel.swift */ = {isa = PBXFileReference; lastKnownFileType = sourcecode.swift; path = ToDoListViewViewModel.swift; sourceTree = "<group>"; };
		A4AAA3ED2A00112700A83E68 /* NewItemViewViewModel.swift */ = {isa = PBXFileReference; lastKnownFileType = sourcecode.swift; path = NewItemViewViewModel.swift; sourceTree = "<group>"; };
		A4AAA3F12A00114500A83E68 /* RegisterViewViewModel.swift */ = {isa = PBXFileReference; lastKnownFileType = sourcecode.swift; path = RegisterViewViewModel.swift; sourceTree = "<group>"; };
		A4AAA3F32A00115900A83E68 /* ToDoListItemViewViewModel.swift */ = {isa = PBXFileReference; lastKnownFileType = sourcecode.swift; path = ToDoListItemViewViewModel.swift; sourceTree = "<group>"; };
		A4AAA3F52A0011A800A83E68 /* ToDoListItem.swift */ = {isa = PBXFileReference; lastKnownFileType = sourcecode.swift; path = ToDoListItem.swift; sourceTree = "<group>"; };
		A4AAA3F72A00127700A83E68 /* LoginViewViewModel.swift */ = {isa = PBXFileReference; lastKnownFileType = sourcecode.swift; path = LoginViewViewModel.swift; sourceTree = "<group>"; };
		A4BCCC2A2A0000B700AAF868 /* ToDoList.app */ = {isa = PBXFileReference; explicitFileType = wrapper.application; includeInIndex = 0; path = ToDoList.app; sourceTree = BUILT_PRODUCTS_DIR; };
		A4BCCC2D2A0000B700AAF868 /* ToDoListApp.swift */ = {isa = PBXFileReference; lastKnownFileType = sourcecode.swift; path = ToDoListApp.swift; sourceTree = "<group>"; };
		A4BCCC2F2A0000B700AAF868 /* MainView.swift */ = {isa = PBXFileReference; lastKnownFileType = sourcecode.swift; path = MainView.swift; sourceTree = "<group>"; };
		A4BCCC312A0000B800AAF868 /* Assets.xcassets */ = {isa = PBXFileReference; lastKnownFileType = folder.assetcatalog; path = Assets.xcassets; sourceTree = "<group>"; };
		A4BCCC342A0000B800AAF868 /* Preview Assets.xcassets */ = {isa = PBXFileReference; lastKnownFileType = folder.assetcatalog; path = "Preview Assets.xcassets"; sourceTree = "<group>"; };
		A4BCCC482A000B1000AAF868 /* ProfileView.swift */ = {isa = PBXFileReference; lastKnownFileType = sourcecode.swift; path = ProfileView.swift; sourceTree = "<group>"; };
		A4BCCC4A2A000B4300AAF868 /* ToDoListView.swift */ = {isa = PBXFileReference; lastKnownFileType = sourcecode.swift; path = ToDoListView.swift; sourceTree = "<group>"; };
		A4BCCC4C2A000B5B00AAF868 /* NewItemView.swift */ = {isa = PBXFileReference; lastKnownFileType = sourcecode.swift; path = NewItemView.swift; sourceTree = "<group>"; };
		A4BCCC4E2A000B7600AAF868 /* LoginView.swift */ = {isa = PBXFileReference; lastKnownFileType = sourcecode.swift; path = LoginView.swift; sourceTree = "<group>"; };
		A4BCCC502A000B8200AAF868 /* RegisterView.swift */ = {isa = PBXFileReference; lastKnownFileType = sourcecode.swift; path = RegisterView.swift; sourceTree = "<group>"; };
		A4E8D71B2A016EC700075656 /* HeaderView.swift */ = {isa = PBXFileReference; lastKnownFileType = sourcecode.swift; path = HeaderView.swift; sourceTree = "<group>"; };
/* End PBXFileReference section */

/* Begin PBXFrameworksBuildPhase section */
		A4BCCC272A0000B700AAF868 /* Frameworks */ = {
			isa = PBXFrameworksBuildPhase;
			buildActionMask = 2147483647;
			files = (
				A4BCCC3D2A0002DA00AAF868 /* FirebaseAuth in Frameworks */,
				A4BCCC3F2A0002DA00AAF868 /* FirebaseFirestore in Frameworks */,
				A4BCCC412A0002DA00AAF868 /* FirebaseFirestoreSwift in Frameworks */,
			);
			runOnlyForDeploymentPostprocessing = 0;
		};
/* End PBXFrameworksBuildPhase section */

/* Begin PBXGroup section */
		A4BCCC212A0000B700AAF868 = {
			isa = PBXGroup;
			children = (
				A4BCCC2C2A0000B700AAF868 /* ToDoList */,
				A4BCCC2B2A0000B700AAF868 /* Products */,
			);
			sourceTree = "<group>";
		};
		A4BCCC2B2A0000B700AAF868 /* Products */ = {
			isa = PBXGroup;
			children = (
				A4BCCC2A2A0000B700AAF868 /* ToDoList.app */,
			);
			name = Products;
			sourceTree = "<group>";
		};
		A4BCCC2C2A0000B700AAF868 /* ToDoList */ = {
			isa = PBXGroup;
			children = (
				A4BCCC472A0008D600AAF868 /* Other */,
				A4BCCC462A0008C500AAF868 /* Models */,
				A4BCCC452A0008A500AAF868 /* ViewModels */,
				A4BCCC442A00086600AAF868 /* Views */,
				A4BCCC332A0000B800AAF868 /* Preview Content */,
			);
			path = ToDoList;
			sourceTree = "<group>";
		};
		A4BCCC332A0000B800AAF868 /* Preview Content */ = {
			isa = PBXGroup;
			children = (
				A4BCCC342A0000B800AAF868 /* Preview Assets.xcassets */,
			);
			path = "Preview Content";
			sourceTree = "<group>";
		};
		A4BCCC442A00086600AAF868 /* Views */ = {
			isa = PBXGroup;
			children = (
				A4BCCC2F2A0000B700AAF868 /* MainView.swift */,
				A4BCCC482A000B1000AAF868 /* ProfileView.swift */,
				A4BCCC4A2A000B4300AAF868 /* ToDoListView.swift */,
				A4BCCC4C2A000B5B00AAF868 /* NewItemView.swift */,
				A4BCCC4E2A000B7600AAF868 /* LoginView.swift */,
				A4BCCC502A000B8200AAF868 /* RegisterView.swift */,
				A4AAA3E12A00105100A83E68 /* ToDoListItemView.swift */,
				A4E8D71B2A016EC700075656 /* HeaderView.swift */,
				A4978A522A067AAC00511F7E /* TLButton.swift */,
			);
			path = Views;
			sourceTree = "<group>";
		};
		A4BCCC452A0008A500AAF868 /* ViewModels */ = {
			isa = PBXGroup;
			children = (
				A4AAA3E72A00110300A83E68 /* MainViewViewModel.swift */,
				A4AAA3E92A00110F00A83E68 /* ProfileViewViewModel.swift */,
				A4AAA3EB2A00111A00A83E68 /* ToDoListViewViewModel.swift */,
				A4AAA3ED2A00112700A83E68 /* NewItemViewViewModel.swift */,
				A4AAA3F12A00114500A83E68 /* RegisterViewViewModel.swift */,
				A4AAA3F32A00115900A83E68 /* ToDoListItemViewViewModel.swift */,
				A4AAA3F72A00127700A83E68 /* LoginViewViewModel.swift */,
			);
			path = ViewModels;
			sourceTree = "<group>";
		};
		A4BCCC462A0008C500AAF868 /* Models */ = {
			isa = PBXGroup;
			children = (
				A4AAA3E32A0010A800A83E68 /* User.swift */,
				A4AAA3F52A0011A800A83E68 /* ToDoListItem.swift */,
			);
			path = Models;
			sourceTree = "<group>";
		};
		A4BCCC472A0008D600AAF868 /* Other */ = {
			isa = PBXGroup;
			children = (
				A4AAA3DF2A000EC000A83E68 /* GoogleService-Info.plist */,
				A4BCCC312A0000B800AAF868 /* Assets.xcassets */,
				A4BCCC2D2A0000B700AAF868 /* ToDoListApp.swift */,
			);
			path = Other;
			sourceTree = "<group>";
		};
/* End PBXGroup section */

/* Begin PBXNativeTarget section */
		A4BCCC292A0000B700AAF868 /* ToDoList */ = {
			isa = PBXNativeTarget;
			buildConfigurationList = A4BCCC382A0000B800AAF868 /* Build configuration list for PBXNativeTarget "ToDoList" */;
			buildPhases = (
				A4BCCC262A0000B700AAF868 /* Sources */,
				A4BCCC272A0000B700AAF868 /* Frameworks */,
				A4BCCC282A0000B700AAF868 /* Resources */,
			);
			buildRules = (
			);
			dependencies = (
			);
			name = ToDoList;
			packageProductDependencies = (
				A4BCCC3C2A0002DA00AAF868 /* FirebaseAuth */,
				A4BCCC3E2A0002DA00AAF868 /* FirebaseFirestore */,
				A4BCCC402A0002DA00AAF868 /* FirebaseFirestoreSwift */,
			);
			productName = ToDoList;
			productReference = A4BCCC2A2A0000B700AAF868 /* ToDoList.app */;
			productType = "com.apple.product-type.application";
		};
/* End PBXNativeTarget section */

/* Begin PBXProject section */
		A4BCCC222A0000B700AAF868 /* Project object */ = {
			isa = PBXProject;
			attributes = {
				BuildIndependentTargetsInParallel = 1;
				LastSwiftUpdateCheck = 1430;
				LastUpgradeCheck = 1430;
				TargetAttributes = {
					A4BCCC292A0000B700AAF868 = {
						CreatedOnToolsVersion = 14.3;
					};
				};
			};
			buildConfigurationList = A4BCCC252A0000B700AAF868 /* Build configuration list for PBXProject "ToDoList" */;
			compatibilityVersion = "Xcode 14.0";
			developmentRegion = en;
			hasScannedForEncodings = 0;
			knownRegions = (
				en,
				Base,
			);
			mainGroup = A4BCCC212A0000B700AAF868;
			packageReferences = (
				A4BCCC3B2A0002DA00AAF868 /* XCRemoteSwiftPackageReference "firebase-ios-sdk" */,
			);
			productRefGroup = A4BCCC2B2A0000B700AAF868 /* Products */;
			projectDirPath = "";
			projectRoot = "";
			targets = (
				A4BCCC292A0000B700AAF868 /* ToDoList */,
			);
		};
/* End PBXProject section */

/* Begin PBXResourcesBuildPhase section */
		A4BCCC282A0000B700AAF868 /* Resources */ = {
			isa = PBXResourcesBuildPhase;
			buildActionMask = 2147483647;
			files = (
				A4BCCC352A0000B800AAF868 /* Preview Assets.xcassets in Resources */,
				A4AAA3E02A000EC000A83E68 /* GoogleService-Info.plist in Resources */,
				A4BCCC322A0000B800AAF868 /* Assets.xcassets in Resources */,
			);
			runOnlyForDeploymentPostprocessing = 0;
		};
/* End PBXResourcesBuildPhase section */

/* Begin PBXSourcesBuildPhase section */
		A4BCCC262A0000B700AAF868 /* Sources */ = {
			isa = PBXSourcesBuildPhase;
			buildActionMask = 2147483647;
			files = (
				A4BCCC4F2A000B7600AAF868 /* LoginView.swift in Sources */,
				A4E8D71C2A016EC700075656 /* HeaderView.swift in Sources */,
				A4BCCC302A0000B700AAF868 /* MainView.swift in Sources */,
				A4BCCC4B2A000B4300AAF868 /* ToDoListView.swift in Sources */,
				A4AAA3F22A00114500A83E68 /* RegisterViewViewModel.swift in Sources */,
				A4BCCC512A000B8200AAF868 /* RegisterView.swift in Sources */,
				A4BCCC492A000B1000AAF868 /* ProfileView.swift in Sources */,
				A4978A532A067AAC00511F7E /* TLButton.swift in Sources */,
				A4AAA3E42A0010A800A83E68 /* User.swift in Sources */,
				A4AAA3EA2A00110F00A83E68 /* ProfileViewViewModel.swift in Sources */,
				A4BCCC2E2A0000B700AAF868 /* ToDoListApp.swift in Sources */,
				A4AAA3F42A00115900A83E68 /* ToDoListItemViewViewModel.swift in Sources */,
				A4AAA3F82A00127700A83E68 /* LoginViewViewModel.swift in Sources */,
				A4AAA3F62A0011A800A83E68 /* ToDoListItem.swift in Sources */,
				A4AAA3EE2A00112700A83E68 /* NewItemViewViewModel.swift in Sources */,
				A4AAA3E22A00105100A83E68 /* ToDoListItemView.swift in Sources */,
				A4AAA3EC2A00111A00A83E68 /* ToDoListViewViewModel.swift in Sources */,
				A4BCCC4D2A000B5B00AAF868 /* NewItemView.swift in Sources */,
				A4AAA3E82A00110300A83E68 /* MainViewViewModel.swift in Sources */,
			);
			runOnlyForDeploymentPostprocessing = 0;
		};
/* End PBXSourcesBuildPhase section */

/* Begin XCBuildConfiguration section */
		A4BCCC362A0000B800AAF868 /* Debug */ = {
			isa = XCBuildConfiguration;
			buildSettings = {
				ALWAYS_SEARCH_USER_PATHS = NO;
				CLANG_ANALYZER_NONNULL = YES;
				CLANG_ANALYZER_NUMBER_OBJECT_CONVERSION = YES_AGGRESSIVE;
				CLANG_CXX_LANGUAGE_STANDARD = "gnu++20";
				CLANG_ENABLE_MODULES = YES;
				CLANG_ENABLE_OBJC_ARC = YES;
				CLANG_ENABLE_OBJC_WEAK = YES;
				CLANG_WARN_BLOCK_CAPTURE_AUTORELEASING = YES;
				CLANG_WARN_BOOL_CONVERSION = YES;
				CLANG_WARN_COMMA = YES;
				CLANG_WARN_CONSTANT_CONVERSION = YES;
				CLANG_WARN_DEPRECATED_OBJC_IMPLEMENTATIONS = YES;
				CLANG_WARN_DIRECT_OBJC_ISA_USAGE = YES_ERROR;
				CLANG_WARN_DOCUMENTATION_COMMENTS = YES;
				CLANG_WARN_EMPTY_BODY = YES;
				CLANG_WARN_ENUM_CONVERSION = YES;
				CLANG_WARN_INFINITE_RECURSION = YES;
				CLANG_WARN_INT_CONVERSION = YES;
				CLANG_WARN_NON_LITERAL_NULL_CONVERSION = YES;
				CLANG_WARN_OBJC_IMPLICIT_RETAIN_SELF = YES;
				CLANG_WARN_OBJC_LITERAL_CONVERSION = YES;
				CLANG_WARN_OBJC_ROOT_CLASS = YES_ERROR;
				CLANG_WARN_QUOTED_INCLUDE_IN_FRAMEWORK_HEADER = YES;
				CLANG_WARN_RANGE_LOOP_ANALYSIS = YES;
				CLANG_WARN_STRICT_PROTOTYPES = YES;
				CLANG_WARN_SUSPICIOUS_MOVE = YES;
				CLANG_WARN_UNGUARDED_AVAILABILITY = YES_AGGRESSIVE;
				CLANG_WARN_UNREACHABLE_CODE = YES;
				CLANG_WARN__DUPLICATE_METHOD_MATCH = YES;
				COPY_PHASE_STRIP = NO;
				DEBUG_INFORMATION_FORMAT = dwarf;
				ENABLE_STRICT_OBJC_MSGSEND = YES;
				ENABLE_TESTABILITY = YES;
				GCC_C_LANGUAGE_STANDARD = gnu11;
				GCC_DYNAMIC_NO_PIC = NO;
				GCC_NO_COMMON_BLOCKS = YES;
				GCC_OPTIMIZATION_LEVEL = 0;
				GCC_PREPROCESSOR_DEFINITIONS = (
					"DEBUG=1",
					"$(inherited)",
				);
				GCC_WARN_64_TO_32_BIT_CONVERSION = YES;
				GCC_WARN_ABOUT_RETURN_TYPE = YES_ERROR;
				GCC_WARN_UNDECLARED_SELECTOR = YES;
				GCC_WARN_UNINITIALIZED_AUTOS = YES_AGGRESSIVE;
				GCC_WARN_UNUSED_FUNCTION = YES;
				GCC_WARN_UNUSED_VARIABLE = YES;
				IPHONEOS_DEPLOYMENT_TARGET = 16.4;
				MTL_ENABLE_DEBUG_INFO = INCLUDE_SOURCE;
				MTL_FAST_MATH = YES;
				ONLY_ACTIVE_ARCH = YES;
				SDKROOT = iphoneos;
				SWIFT_ACTIVE_COMPILATION_CONDITIONS = DEBUG;
				SWIFT_OPTIMIZATION_LEVEL = "-Onone";
			};
			name = Debug;
		};
		A4BCCC372A0000B800AAF868 /* Release */ = {
			isa = XCBuildConfiguration;
			buildSettings = {
				ALWAYS_SEARCH_USER_PATHS = NO;
				CLANG_ANALYZER_NONNULL = YES;
				CLANG_ANALYZER_NUMBER_OBJECT_CONVERSION = YES_AGGRESSIVE;
				CLANG_CXX_LANGUAGE_STANDARD = "gnu++20";
				CLANG_ENABLE_MODULES = YES;
				CLANG_ENABLE_OBJC_ARC = YES;
				CLANG_ENABLE_OBJC_WEAK = YES;
				CLANG_WARN_BLOCK_CAPTURE_AUTORELEASING = YES;
				CLANG_WARN_BOOL_CONVERSION = YES;
				CLANG_WARN_COMMA = YES;
				CLANG_WARN_CONSTANT_CONVERSION = YES;
				CLANG_WARN_DEPRECATED_OBJC_IMPLEMENTATIONS = YES;
				CLANG_WARN_DIRECT_OBJC_ISA_USAGE = YES_ERROR;
				CLANG_WARN_DOCUMENTATION_COMMENTS = YES;
				CLANG_WARN_EMPTY_BODY = YES;
				CLANG_WARN_ENUM_CONVERSION = YES;
				CLANG_WARN_INFINITE_RECURSION = YES;
				CLANG_WARN_INT_CONVERSION = YES;
				CLANG_WARN_NON_LITERAL_NULL_CONVERSION = YES;
				CLANG_WARN_OBJC_IMPLICIT_RETAIN_SELF = YES;
				CLANG_WARN_OBJC_LITERAL_CONVERSION = YES;
				CLANG_WARN_OBJC_ROOT_CLASS = YES_ERROR;
				CLANG_WARN_QUOTED_INCLUDE_IN_FRAMEWORK_HEADER = YES;
				CLANG_WARN_RANGE_LOOP_ANALYSIS = YES;
				CLANG_WARN_STRICT_PROTOTYPES = YES;
				CLANG_WARN_SUSPICIOUS_MOVE = YES;
				CLANG_WARN_UNGUARDED_AVAILABILITY = YES_AGGRESSIVE;
				CLANG_WARN_UNREACHABLE_CODE = YES;
				CLANG_WARN__DUPLICATE_METHOD_MATCH = YES;
				COPY_PHASE_STRIP = NO;
				DEBUG_INFORMATION_FORMAT = "dwarf-with-dsym";
				ENABLE_NS_ASSERTIONS = NO;
				ENABLE_STRICT_OBJC_MSGSEND = YES;
				GCC_C_LANGUAGE_STANDARD = gnu11;
				GCC_NO_COMMON_BLOCKS = YES;
				GCC_WARN_64_TO_32_BIT_CONVERSION = YES;
				GCC_WARN_ABOUT_RETURN_TYPE = YES_ERROR;
				GCC_WARN_UNDECLARED_SELECTOR = YES;
				GCC_WARN_UNINITIALIZED_AUTOS = YES_AGGRESSIVE;
				GCC_WARN_UNUSED_FUNCTION = YES;
				GCC_WARN_UNUSED_VARIABLE = YES;
				IPHONEOS_DEPLOYMENT_TARGET = 16.4;
				MTL_ENABLE_DEBUG_INFO = NO;
				MTL_FAST_MATH = YES;
				SDKROOT = iphoneos;
				SWIFT_COMPILATION_MODE = wholemodule;
				SWIFT_OPTIMIZATION_LEVEL = "-O";
				VALIDATE_PRODUCT = YES;
			};
			name = Release;
		};
		A4BCCC392A0000B800AAF868 /* Debug */ = {
			isa = XCBuildConfiguration;
			buildSettings = {
				ASSETCATALOG_COMPILER_APPICON_NAME = AppIcon;
				ASSETCATALOG_COMPILER_GLOBAL_ACCENT_COLOR_NAME = AccentColor;
				CODE_SIGN_STYLE = Automatic;
				CURRENT_PROJECT_VERSION = 1;
				DEVELOPMENT_ASSET_PATHS = "\"ToDoList/Preview Content\"";
				ENABLE_PREVIEWS = YES;
				GENERATE_INFOPLIST_FILE = YES;
				INFOPLIST_KEY_CFBundleDisplayName = "To Do List";
				INFOPLIST_KEY_UIApplicationSceneManifest_Generation = YES;
				INFOPLIST_KEY_UIApplicationSupportsIndirectInputEvents = YES;
				INFOPLIST_KEY_UILaunchScreen_Generation = YES;
				INFOPLIST_KEY_UISupportedInterfaceOrientations = UIInterfaceOrientationPortrait;
				LD_RUNPATH_SEARCH_PATHS = (
					"$(inherited)",
					"@executable_path/Frameworks",
				);
				MARKETING_VERSION = 1.0;
				PRODUCT_BUNDLE_IDENTIFIER = kkkhuitest.ToDoList;
				PRODUCT_NAME = "$(TARGET_NAME)";
				SWIFT_EMIT_LOC_STRINGS = YES;
				SWIFT_VERSION = 5.0;
				TARGETED_DEVICE_FAMILY = "1,2";
			};
			name = Debug;
		};
		A4BCCC3A2A0000B800AAF868 /* Release */ = {
			isa = XCBuildConfiguration;
			buildSettings = {
				ASSETCATALOG_COMPILER_APPICON_NAME = AppIcon;
				ASSETCATALOG_COMPILER_GLOBAL_ACCENT_COLOR_NAME = AccentColor;
				CODE_SIGN_STYLE = Automatic;
				CURRENT_PROJECT_VERSION = 1;
				DEVELOPMENT_ASSET_PATHS = "\"ToDoList/Preview Content\"";
				ENABLE_PREVIEWS = YES;
				GENERATE_INFOPLIST_FILE = YES;
				INFOPLIST_KEY_CFBundleDisplayName = "To Do List";
				INFOPLIST_KEY_UIApplicationSceneManifest_Generation = YES;
				INFOPLIST_KEY_UIApplicationSupportsIndirectInputEvents = YES;
				INFOPLIST_KEY_UILaunchScreen_Generation = YES;
				INFOPLIST_KEY_UISupportedInterfaceOrientations = UIInterfaceOrientationPortrait;
				LD_RUNPATH_SEARCH_PATHS = (
					"$(inherited)",
					"@executable_path/Frameworks",
				);
				MARKETING_VERSION = 1.0;
				PRODUCT_BUNDLE_IDENTIFIER = kkkhuitest.ToDoList;
				PRODUCT_NAME = "$(TARGET_NAME)";
				SWIFT_EMIT_LOC_STRINGS = YES;
				SWIFT_VERSION = 5.0;
				TARGETED_DEVICE_FAMILY = "1,2";
			};
			name = Release;
		};
/* End XCBuildConfiguration section */

/* Begin XCConfigurationList section */
		A4BCCC252A0000B700AAF868 /* Build configuration list for PBXProject "ToDoList" */ = {
			isa = XCConfigurationList;
			buildConfigurations = (
				A4BCCC362A0000B800AAF868 /* Debug */,
				A4BCCC372A0000B800AAF868 /* Release */,
			);
			defaultConfigurationIsVisible = 0;
			defaultConfigurationName = Release;
		};
		A4BCCC382A0000B800AAF868 /* Build configuration list for PBXNativeTarget "ToDoList" */ = {
			isa = XCConfigurationList;
			buildConfigurations = (
				A4BCCC392A0000B800AAF868 /* Debug */,
				A4BCCC3A2A0000B800AAF868 /* Release */,
			);
			defaultConfigurationIsVisible = 0;
			defaultConfigurationName = Release;
		};
/* End XCConfigurationList section */

/* Begin XCRemoteSwiftPackageReference section */
		A4BCCC3B2A0002DA00AAF868 /* XCRemoteSwiftPackageReference "firebase-ios-sdk" */ = {
			isa = XCRemoteSwiftPackageReference;
			repositoryURL = "https://github.com/firebase/firebase-ios-sdk";
			requirement = {
				kind = upToNextMajorVersion;
				minimumVersion = 10.0.0;
			};
		};
/* End XCRemoteSwiftPackageReference section */

/* Begin XCSwiftPackageProductDependency section */
		A4BCCC3C2A0002DA00AAF868 /* FirebaseAuth */ = {
			isa = XCSwiftPackageProductDependency;
			package = A4BCCC3B2A0002DA00AAF868 /* XCRemoteSwiftPackageReference "firebase-ios-sdk" */;
			productName = FirebaseAuth;
		};
		A4BCCC3E2A0002DA00AAF868 /* FirebaseFirestore */ = {
			isa = XCSwiftPackageProductDependency;
			package = A4BCCC3B2A0002DA00AAF868 /* XCRemoteSwiftPackageReference "firebase-ios-sdk" */;
			productName = FirebaseFirestore;
		};
		A4BCCC402A0002DA00AAF868 /* FirebaseFirestoreSwift */ = {
			isa = XCSwiftPackageProductDependency;
			package = A4BCCC3B2A0002DA00AAF868 /* XCRemoteSwiftPackageReference "firebase-ios-sdk" */;
			productName = FirebaseFirestoreSwift;
		};
/* End XCSwiftPackageProductDependency section */
	};
	rootObject = A4BCCC222A0000B700AAF868 /* Project object */;
}
